
Microsoft Visual Studio Solution File, Format Version 12.00
# Visual Studio Version 16
VisualStudioVersion = 16.0.30114.105
MinimumVisualStudioVersion = 10.0.40219.1
Project("{FAE04EC0-301F-11D3-BF4B-00C04F79EFBC}") = "eds_maze_game", "eds_maze_game.csproj", "{6E3FC5D0-947D-4621-B650-F65DF5ED3064}"
EndProject
Global
	GlobalSection(SolutionConfigurationPlatforms) = preSolution
		Debug|Any CPU = Debug|Any CPU
		Release|Any CPU = Release|Any CPU
	EndGlobalSection
	GlobalSection(ProjectConfigurationPlatforms) = postSolution
		{6E3FC5D0-947D-4621-B650-F65DF5ED3064}.Debug|Any CPU.ActiveCfg = Debug|Any CPU
		{6E3FC5D0-947D-4621-B650-F65DF5ED3064}.Debug|Any CPU.Build.0 = Debug|Any CPU
		{6E3FC5D0-947D-4621-B650-F65DF5ED3064}.Release|Any CPU.ActiveCfg = Release|Any CPU
		{6E3FC5D0-947D-4621-B650-F65DF5ED3064}.Release|Any CPU.Build.0 = Release|Any CPU
	EndGlobalSection
	GlobalSection(SolutionProperties) = preSolution
		HideSolutionNode = FALSE
	EndGlobalSection
	GlobalSection(ExtensibilityGlobals) = postSolution
		SolutionGuid = {EBE3F403-DC78-4DCB-8BD9-C4129FD7E372}
	EndGlobalSection
EndGlobal
